{
  "name": "atom-alloy-tools",
  "version": "0.0.0",
  "lockfileVersion": 1,
  "requires": true,
  "dependencies": {
    "d3-selection": {
      "version": "1.3.2",
      "resolved": "https://registry.npmjs.org/d3-selection/-/d3-selection-1.3.2.tgz",
      "integrity": "sha512-OoXdv1nZ7h2aKMVg3kaUFbLLK5jXUFAMLD/Tu5JA96mjf8f2a9ZUESGY+C36t8R1WFeWk/e55hy54Ml2I62CRQ=="
    },
    "event-kit": {
      "version": "2.5.3",
      "resolved": "https://registry.npmjs.org/event-kit/-/event-kit-2.5.3.tgz",
      "integrity": "sha512-b7Qi1JNzY4BfAYfnIRanLk0DOD1gdkWHT4GISIn8Q2tAf3LpU8SP2CMwWaq40imYoKWbtN4ZhbSRxvsnikooZQ=="
    }
  }
}
