{
  "name": "atom-alloy-tools",
  "version": "1.2.2",
  "lockfileVersion": 1,
  "requires": true,
  "dependencies": {
    "d3-collection": {
      "version": "1.0.7",
      "resolved": "https://registry.npmjs.org/d3-collection/-/d3-collection-1.0.7.tgz",
      "integrity": "sha512-ii0/r5f4sjKNTfh84Di+DpztYwqKhEyUlKoPrzUFfeSkWxjW49xU2QzO9qrPrNkpdI0XJkfzvmTu8V2Zylln6A=="
    },
    "d3-color": {
      "version": "3.1.0",
      "resolved": "https://registry.npmjs.org/d3-color/-/d3-color-3.1.0.tgz",
      "integrity": "sha512-zg/chbXyeBtMQ1LbD/WSoW2DpC3I0mpmPdW+ynRTj/x2DAWYrIY7qeZIHidozwV24m4iavr15lNwIwLxRmOxhA=="
    },
    "d3-dispatch": {
      "version": "1.0.5",
      "resolved": "https://registry.npmjs.org/d3-dispatch/-/d3-dispatch-1.0.5.tgz",
      "integrity": "sha512-vwKx+lAqB1UuCeklr6Jh1bvC4SZgbSqbkGBLClItFBIYH4vqDJCA7qfoy14lXmJdnBOdxndAMxjCbImJYW7e6g=="
    },
    "d3-drag": {
      "version": "1.2.3",
      "resolved": "https://registry.npmjs.org/d3-drag/-/d3-drag-1.2.3.tgz",
      "integrity": "sha512-8S3HWCAg+ilzjJsNtWW1Mutl74Nmzhb9yU6igspilaJzeZVFktmY6oO9xOh5TDk+BM2KrNFjttZNoJJmDnkjkg==",
      "requires": {
        "d3-dispatch": "1.0.5",
        "d3-selection": "1.3.2"
      }
    },
    "d3-interpolate": {
      "version": "3.0.1",
      "resolved": "https://registry.npmjs.org/d3-interpolate/-/d3-interpolate-3.0.1.tgz",
      "integrity": "sha512-3bYs1rOD33uo8aqJfKP3JWPAibgw8Zm2+L9vBKEHJ2Rg+viTR7o5Mmv5mZcieN+FRYaAOWX5SJATX6k1PWz72g==",
      "requires": {
        "d3-color": "1 - 3"
      }
    },
    "d3-path": {
      "version": "1.0.7",
      "resolved": "https://registry.npmjs.org/d3-path/-/d3-path-1.0.7.tgz",
      "integrity": "sha512-q0cW1RpvA5c5ma2rch62mX8AYaiLX0+bdaSM2wxSU9tXjU4DNvkx9qiUvjkuWCj3p22UO/hlPivujqMiR9PDzA=="
    },
    "d3-scale-chromatic": {
      "version": "3.0.0",
      "resolved": "https://registry.npmjs.org/d3-scale-chromatic/-/d3-scale-chromatic-3.0.0.tgz",
      "integrity": "sha512-Lx9thtxAKrO2Pq6OO2Ua474opeziKr279P/TKZsMAhYyNDD3EnCffdbgeSYN5O7m2ByQsxtuP2CSDczNUIZ22g==",
      "requires": {
        "d3-color": "1 - 3",
        "d3-interpolate": "1 - 3"
      }
    },
    "d3-selection": {
      "version": "1.3.2",
      "resolved": "https://registry.npmjs.org/d3-selection/-/d3-selection-1.3.2.tgz",
      "integrity": "sha512-OoXdv1nZ7h2aKMVg3kaUFbLLK5jXUFAMLD/Tu5JA96mjf8f2a9ZUESGY+C36t8R1WFeWk/e55hy54Ml2I62CRQ=="
    },
    "d3-shape": {
      "version": "1.2.2",
      "resolved": "https://registry.npmjs.org/d3-shape/-/d3-shape-1.2.2.tgz",
      "integrity": "sha512-hUGEozlKecFZ2bOSNt7ENex+4Tk9uc/m0TtTEHBvitCBxUNjhzm5hS2GrrVRD/ae4IylSmxGeqX5tWC2rASMlQ==",
      "requires": {
        "d3-path": "1.0.7"
      }
    },
    "event-kit": {
      "version": "2.5.3",
      "resolved": "https://registry.npmjs.org/event-kit/-/event-kit-2.5.3.tgz",
      "integrity": "sha512-b7Qi1JNzY4BfAYfnIRanLk0DOD1gdkWHT4GISIn8Q2tAf3LpU8SP2CMwWaq40imYoKWbtN4ZhbSRxvsnikooZQ=="
    }
  }
}
